{
  "name": "my-backend-server",
  "version": "1.0.0",
  "description": "Backend server for user authentication and password reset",
  "main": "server.js",
  "scripts": {
    "start": "node server.js",
    "test": "echo \"Error: no test specified\" && exit 1"
  },
  "keywords": [],
  "author": "",
  "license": "ISC",
  "dependencies": {
    "body-parser": "^1.20.2",   // Middleware สำหรับแยกวิเคราะห์ JSON body ของ request
    "cors": "^2.8.5",           // Middleware สำหรับจัดการ CORS เพื่อให้ Frontend เรียก Backend ได้
    "express": "^4.19.2",       // Framework สำหรับสร้าง Web Server
    "firebase-admin": "^12.1.0",// Firebase Admin SDK สำหรับเชื่อมต่อกับ Google Cloud Firestore
  }
}
